
Microsoft Visual Studio Solution File, Format Version 12.00
# Visual Studio Version 17
VisualStudioVersion = 17.11.35219.272
MinimumVisualStudioVersion = 10.0.40219.1
Project("{FAE04EC0-301F-11D3-BF4B-00C04F79EFBC}") = "CSInterface32", "CSInterface32\CSInterface32.csproj", "{61CA21CB-A8D7-4434-9513-FEFCDB7C7BED}"
EndProject
Global
	GlobalSection(SolutionConfigurationPlatforms) = preSolution
		Debug|Any CPU = Debug|Any CPU
		Release|Any CPU = Release|Any CPU
	EndGlobalSection
	GlobalSection(ProjectConfigurationPlatforms) = postSolution
		{61CA21CB-A8D7-4434-9513-FEFCDB7C7BED}.Debug|Any CPU.ActiveCfg = Debug|Any CPU
		{61CA21CB-A8D7-4434-9513-FEFCDB7C7BED}.Debug|Any CPU.Build.0 = Debug|Any CPU
		{61CA21CB-A8D7-4434-9513-FEFCDB7C7BED}.Release|Any CPU.ActiveCfg = Release|Any CPU
		{61CA21CB-A8D7-4434-9513-FEFCDB7C7BED}.Release|Any CPU.Build.0 = Release|Any CPU
	EndGlobalSection
	GlobalSection(SolutionProperties) = preSolution
		HideSolutionNode = FALSE
	EndGlobalSection
	GlobalSection(ExtensibilityGlobals) = postSolution
		SolutionGuid = {B0A25E97-2CC3-4C07-940F-0AA8EC073001}
	EndGlobalSection
EndGlobal
